
Microsoft Visual Studio Solution File, Format Version 12.00
# Visual Studio Version 16
VisualStudioVersion = 16.0.28407.52
MinimumVisualStudioVersion = 10.0.40219.1
Project("{FAE04EC0-301F-11D3-BF4B-00C04F79EFBC}") = "WebApplication", "WebApplication\WebApplication.csproj", "{A76FE9A0-F61F-429A-9BB3-9F6629D72BB7}"
EndProject
Global
	GlobalSection(SolutionConfigurationPlatforms) = preSolution
		Debug|Any CPU = Debug|Any CPU
		Release|Any CPU = Release|Any CPU
	EndGlobalSection
	GlobalSection(ProjectConfigurationPlatforms) = postSolution
		{A76FE9A0-F61F-429A-9BB3-9F6629D72BB7}.Debug|Any CPU.ActiveCfg = Debug|Any CPU
		{A76FE9A0-F61F-429A-9BB3-9F6629D72BB7}.Debug|Any CPU.Build.0 = Debug|Any CPU
		{A76FE9A0-F61F-429A-9BB3-9F6629D72BB7}.Release|Any CPU.ActiveCfg = Release|Any CPU
		{A76FE9A0-F61F-429A-9BB3-9F6629D72BB7}.Release|Any CPU.Build.0 = Release|Any CPU
	EndGlobalSection
	GlobalSection(SolutionProperties) = preSolution
		HideSolutionNode = FALSE
	EndGlobalSection
	GlobalSection(ExtensibilityGlobals) = postSolution
		SolutionGuid = {5522546D-BF90-4BBC-AAE7-F3796FF24EAE}
	EndGlobalSection
EndGlobal
